<?xml version="1.0" encoding="utf-8"?>
<Project ToolsVersion="4.0" xmlns="http://schemas.microsoft.com/developer/msbuild/2003">
  <ItemGroup>
    <Filter Include="Ellis">
      <UniqueIdentifier>{3EAD1C0D-AAC1-44BE-7343-E81DDF1641EF}</UniqueIdentifier>
    </Filter>
  </ItemGroup>
  <ItemGroup>
    <ClInclude Include="src\Ellis.h" />
    <ClInclude Include="src\Ellis\Application.h">
      <Filter>Ellis</Filter>
    </ClInclude>
    <ClInclude Include="src\Ellis\Core.h">
      <Filter>Ellis</Filter>
    </ClInclude>
    <ClInclude Include="src\Ellis\EntryPoint.h">
      <Filter>Ellis</Filter>
    </ClInclude>
    <ClInclude Include="src\Ellis\Log.h">
      <Filter>Ellis</Filter>
    </ClInclude>
  </ItemGroup>
  <ItemGroup>
    <ClCompile Include="src\Ellis\Application.cpp">
      <Filter>Ellis</Filter>
    </ClCompile>
    <ClCompile Include="src\Ellis\Log.cpp">
      <Filter>Ellis</Filter>
    </ClCompile>
  </ItemGroup>
</Project>